{
  "name": "br.com.avfapp",
  "version": "1.0.0",
  "lockfileVersion": 1,
  "requires": true,
  "dependencies": {
    "cordova-plugin-file-transfer": {
      "version": "1.5.1",
      "resolved": "https://registry.npmjs.org/cordova-plugin-file-transfer/-/cordova-plugin-file-transfer-1.5.1.tgz",
      "integrity": "sha1-z5tjTo8yg0goAstfCzgdQPVGU5g="
    },
    "cordova-plugin-imei": {
      "version": "1.1.0",
      "resolved": "https://registry.npmjs.org/cordova-plugin-imei/-/cordova-plugin-imei-1.1.0.tgz",
      "integrity": "sha1-UpNg3t84JuCK0WfemVnZmeTK7tM="
    },
    "cordova-plugin-media": {
      "version": "2.2.0",
      "resolved": "https://registry.npmjs.org/cordova-plugin-media/-/cordova-plugin-media-2.2.0.tgz",
      "integrity": "sha1-3ij7BbwVxpaisxCzbEcP3WFtbEI="
    },
    "cordova-plugin-media-capture": {
      "version": "1.2.0",
      "resolved": "https://registry.npmjs.org/cordova-plugin-media-capture/-/cordova-plugin-media-capture-1.2.0.tgz",
      "integrity": "sha1-tktdtWP6i6FwUrzkTExe7XcSGes="
    }
  }
}
